
Microsoft Visual Studio Solution File, Format Version 12.00
# Visual Studio Version 16
VisualStudioVersion = 16.0.31424.327
MinimumVisualStudioVersion = 10.0.40219.1
Project("{FAE04EC0-301F-11D3-BF4B-00C04F79EFBC}") = "MyPetApp", "MyPetApp\MyPetApp.csproj", "{4377D5B9-C556-44CF-AAC7-5422A783EE5B}"
EndProject
Global
	GlobalSection(SolutionConfigurationPlatforms) = preSolution
		Debug|Any CPU = Debug|Any CPU
		Release|Any CPU = Release|Any CPU
	EndGlobalSection
	GlobalSection(ProjectConfigurationPlatforms) = postSolution
		{4377D5B9-C556-44CF-AAC7-5422A783EE5B}.Debug|Any CPU.ActiveCfg = Debug|Any CPU
		{4377D5B9-C556-44CF-AAC7-5422A783EE5B}.Debug|Any CPU.Build.0 = Debug|Any CPU
		{4377D5B9-C556-44CF-AAC7-5422A783EE5B}.Release|Any CPU.ActiveCfg = Release|Any CPU
		{4377D5B9-C556-44CF-AAC7-5422A783EE5B}.Release|Any CPU.Build.0 = Release|Any CPU
	EndGlobalSection
	GlobalSection(SolutionProperties) = preSolution
		HideSolutionNode = FALSE
	EndGlobalSection
	GlobalSection(ExtensibilityGlobals) = postSolution
		SolutionGuid = {572F2707-C924-4617-8195-9C5358604396}
	EndGlobalSection
EndGlobal
